
Microsoft Visual Studio Solution File, Format Version 12.00
# Visual Studio Version 17
VisualStudioVersion = 17.9.34728.123
MinimumVisualStudioVersion = 10.0.40219.1
Project("{2150E333-8FDC-42A3-9474-1A3956D46DE8}") = "Services", "Services", "{338D3D45-3209-4314-AF98-D78769EE4D52}"
EndProject
Project("{2150E333-8FDC-42A3-9474-1A3956D46DE8}") = "Catalog", "Catalog", "{025FDE36-7F82-4211-A155-118D66C7157B}"
EndProject
Project("{9A19103F-16F7-4668-BE54-9A1E7A4F7556}") = "MultiShop.Catalog", "Services\Catalog\MultiShop.Catalog\MultiShop.Catalog.csproj", "{523B3122-B753-4E24-9152-BE84454E23C8}"
EndProject
Project("{2150E333-8FDC-42A3-9474-1A3956D46DE8}") = "Discount", "Discount", "{1AEF453E-CF91-465C-AB11-ED240B8C8C3E}"
EndProject
Project("{9A19103F-16F7-4668-BE54-9A1E7A4F7556}") = "MultiShop.Discount", "Services\Discount\MultiShop.Discount\MultiShop.Discount.csproj", "{EAF38166-6EE9-426A-BC28-ABCC5A29A7F4}"
EndProject
Project("{2150E333-8FDC-42A3-9474-1A3956D46DE8}") = "Order", "Order", "{DBC5C009-0968-4212-8D9E-34533188AC75}"
EndProject
Project("{2150E333-8FDC-42A3-9474-1A3956D46DE8}") = "Core", "Core", "{EF066F74-10D6-4B17-86B5-0CE49E26548F}"
EndProject
Project("{2150E333-8FDC-42A3-9474-1A3956D46DE8}") = "Infrastructure", "Infrastructure", "{42846E36-1E00-4714-9CFD-17DB9D0CC75D}"
EndProject
Project("{2150E333-8FDC-42A3-9474-1A3956D46DE8}") = "Presentation", "Presentation", "{76F912C7-5BE3-480C-9DF1-16168A31F6B6}"
EndProject
Project("{9A19103F-16F7-4668-BE54-9A1E7A4F7556}") = "MultiShop.Order.Domain", "Services\Order\Core\MultiShop.Order.Domain\MultiShop.Order.Domain.csproj", "{FC9A9316-0454-4817-8C81-9C9EC87E55AA}"
EndProject
Project("{9A19103F-16F7-4668-BE54-9A1E7A4F7556}") = "MultiShop.Order.Application", "Services\Order\Core\MultiShop.Order.Application\MultiShop.Order.Application.csproj", "{523A4A91-F91E-4880-82AA-8E410703C985}"
EndProject
Project("{9A19103F-16F7-4668-BE54-9A1E7A4F7556}") = "MultiShop.Order.Persistance", "Services\Order\Infrastructure\MultiShop.Order.Persistance\MultiShop.Order.Persistance.csproj", "{4DB2A046-BE76-4362-9562-95B40E527138}"
EndProject
Project("{9A19103F-16F7-4668-BE54-9A1E7A4F7556}") = "MultiShop.Order.WebApi", "Services\Order\Presentation\MultiShop.Order.WebApi\MultiShop.Order.WebApi.csproj", "{E7736DA8-286C-4EF5-B198-7C385D4CD2E7}"
EndProject
Project("{2150E333-8FDC-42A3-9474-1A3956D46DE8}") = "IdentityServer", "IdentityServer", "{F486FDBB-54E8-454D-8D7C-0B3D5429AD80}"
EndProject
Project("{9A19103F-16F7-4668-BE54-9A1E7A4F7556}") = "MultiShop.IdentityServer", "IdentityServer\MultiShop.IdentityServer\MultiShop.IdentityServer.csproj", "{EFEED2AA-D4CA-45DF-B340-4C0FA2A97EE8}"
EndProject
Global
	GlobalSection(SolutionConfigurationPlatforms) = preSolution
		Debug|Any CPU = Debug|Any CPU
		Release|Any CPU = Release|Any CPU
	EndGlobalSection
	GlobalSection(ProjectConfigurationPlatforms) = postSolution
		{523B3122-B753-4E24-9152-BE84454E23C8}.Debug|Any CPU.ActiveCfg = Debug|Any CPU
		{523B3122-B753-4E24-9152-BE84454E23C8}.Debug|Any CPU.Build.0 = Debug|Any CPU
		{523B3122-B753-4E24-9152-BE84454E23C8}.Release|Any CPU.ActiveCfg = Release|Any CPU
		{523B3122-B753-4E24-9152-BE84454E23C8}.Release|Any CPU.Build.0 = Release|Any CPU
		{EAF38166-6EE9-426A-BC28-ABCC5A29A7F4}.Debug|Any CPU.ActiveCfg = Debug|Any CPU
		{EAF38166-6EE9-426A-BC28-ABCC5A29A7F4}.Debug|Any CPU.Build.0 = Debug|Any CPU
		{EAF38166-6EE9-426A-BC28-ABCC5A29A7F4}.Release|Any CPU.ActiveCfg = Release|Any CPU
		{EAF38166-6EE9-426A-BC28-ABCC5A29A7F4}.Release|Any CPU.Build.0 = Release|Any CPU
		{FC9A9316-0454-4817-8C81-9C9EC87E55AA}.Debug|Any CPU.ActiveCfg = Debug|Any CPU
		{FC9A9316-0454-4817-8C81-9C9EC87E55AA}.Debug|Any CPU.Build.0 = Debug|Any CPU
		{FC9A9316-0454-4817-8C81-9C9EC87E55AA}.Release|Any CPU.ActiveCfg = Release|Any CPU
		{FC9A9316-0454-4817-8C81-9C9EC87E55AA}.Release|Any CPU.Build.0 = Release|Any CPU
		{523A4A91-F91E-4880-82AA-8E410703C985}.Debug|Any CPU.ActiveCfg = Debug|Any CPU
		{523A4A91-F91E-4880-82AA-8E410703C985}.Debug|Any CPU.Build.0 = Debug|Any CPU
		{523A4A91-F91E-4880-82AA-8E410703C985}.Release|Any CPU.ActiveCfg = Release|Any CPU
		{523A4A91-F91E-4880-82AA-8E410703C985}.Release|Any CPU.Build.0 = Release|Any CPU
		{4DB2A046-BE76-4362-9562-95B40E527138}.Debug|Any CPU.ActiveCfg = Debug|Any CPU
		{4DB2A046-BE76-4362-9562-95B40E527138}.Debug|Any CPU.Build.0 = Debug|Any CPU
		{4DB2A046-BE76-4362-9562-95B40E527138}.Release|Any CPU.ActiveCfg = Release|Any CPU
		{4DB2A046-BE76-4362-9562-95B40E527138}.Release|Any CPU.Build.0 = Release|Any CPU
		{E7736DA8-286C-4EF5-B198-7C385D4CD2E7}.Debug|Any CPU.ActiveCfg = Debug|Any CPU
		{E7736DA8-286C-4EF5-B198-7C385D4CD2E7}.Debug|Any CPU.Build.0 = Debug|Any CPU
		{E7736DA8-286C-4EF5-B198-7C385D4CD2E7}.Release|Any CPU.ActiveCfg = Release|Any CPU
		{E7736DA8-286C-4EF5-B198-7C385D4CD2E7}.Release|Any CPU.Build.0 = Release|Any CPU
		{EFEED2AA-D4CA-45DF-B340-4C0FA2A97EE8}.Debug|Any CPU.ActiveCfg = Debug|Any CPU
		{EFEED2AA-D4CA-45DF-B340-4C0FA2A97EE8}.Debug|Any CPU.Build.0 = Debug|Any CPU
		{EFEED2AA-D4CA-45DF-B340-4C0FA2A97EE8}.Release|Any CPU.ActiveCfg = Release|Any CPU
		{EFEED2AA-D4CA-45DF-B340-4C0FA2A97EE8}.Release|Any CPU.Build.0 = Release|Any CPU
	EndGlobalSection
	GlobalSection(SolutionProperties) = preSolution
		HideSolutionNode = FALSE
	EndGlobalSection
	GlobalSection(NestedProjects) = preSolution
		{025FDE36-7F82-4211-A155-118D66C7157B} = {338D3D45-3209-4314-AF98-D78769EE4D52}
		{523B3122-B753-4E24-9152-BE84454E23C8} = {025FDE36-7F82-4211-A155-118D66C7157B}
		{1AEF453E-CF91-465C-AB11-ED240B8C8C3E} = {338D3D45-3209-4314-AF98-D78769EE4D52}
		{EAF38166-6EE9-426A-BC28-ABCC5A29A7F4} = {1AEF453E-CF91-465C-AB11-ED240B8C8C3E}
		{DBC5C009-0968-4212-8D9E-34533188AC75} = {338D3D45-3209-4314-AF98-D78769EE4D52}
		{EF066F74-10D6-4B17-86B5-0CE49E26548F} = {DBC5C009-0968-4212-8D9E-34533188AC75}
		{42846E36-1E00-4714-9CFD-17DB9D0CC75D} = {DBC5C009-0968-4212-8D9E-34533188AC75}
		{76F912C7-5BE3-480C-9DF1-16168A31F6B6} = {DBC5C009-0968-4212-8D9E-34533188AC75}
		{FC9A9316-0454-4817-8C81-9C9EC87E55AA} = {EF066F74-10D6-4B17-86B5-0CE49E26548F}
		{523A4A91-F91E-4880-82AA-8E410703C985} = {EF066F74-10D6-4B17-86B5-0CE49E26548F}
		{4DB2A046-BE76-4362-9562-95B40E527138} = {42846E36-1E00-4714-9CFD-17DB9D0CC75D}
		{E7736DA8-286C-4EF5-B198-7C385D4CD2E7} = {76F912C7-5BE3-480C-9DF1-16168A31F6B6}
		{EFEED2AA-D4CA-45DF-B340-4C0FA2A97EE8} = {F486FDBB-54E8-454D-8D7C-0B3D5429AD80}
	EndGlobalSection
	GlobalSection(ExtensibilityGlobals) = postSolution
		SolutionGuid = {84B32799-D6D2-4AA9-B2CC-00542E470EC4}
	EndGlobalSection
EndGlobal
