
Microsoft Visual Studio Solution File, Format Version 12.00
# Visual Studio Version 17
VisualStudioVersion = 17.9.34728.123
MinimumVisualStudioVersion = 10.0.40219.1
Project("{2150E333-8FDC-42A3-9474-1A3956D46DE8}") = "Services", "Services", "{338D3D45-3209-4314-AF98-D78769EE4D52}"
EndProject
Project("{2150E333-8FDC-42A3-9474-1A3956D46DE8}") = "Catalog", "Catalog", "{025FDE36-7F82-4211-A155-118D66C7157B}"
EndProject
Project("{9A19103F-16F7-4668-BE54-9A1E7A4F7556}") = "MultiShop.Catalog", "Services\Catalog\MultiShop.Catalog\MultiShop.Catalog.csproj", "{523B3122-B753-4E24-9152-BE84454E23C8}"
EndProject
Project("{2150E333-8FDC-42A3-9474-1A3956D46DE8}") = "Discount", "Discount", "{1AEF453E-CF91-465C-AB11-ED240B8C8C3E}"
EndProject
Project("{FAE04EC0-301F-11D3-BF4B-00C04F79EFBC}") = "MultiShop.Discount", "Services\Discount\MultiShop.Discount\MultiShop.Discount.csproj", "{EAF38166-6EE9-426A-BC28-ABCC5A29A7F4}"
EndProject
Global
	GlobalSection(SolutionConfigurationPlatforms) = preSolution
		Debug|Any CPU = Debug|Any CPU
		Release|Any CPU = Release|Any CPU
	EndGlobalSection
	GlobalSection(ProjectConfigurationPlatforms) = postSolution
		{523B3122-B753-4E24-9152-BE84454E23C8}.Debug|Any CPU.ActiveCfg = Debug|Any CPU
		{523B3122-B753-4E24-9152-BE84454E23C8}.Debug|Any CPU.Build.0 = Debug|Any CPU
		{523B3122-B753-4E24-9152-BE84454E23C8}.Release|Any CPU.ActiveCfg = Release|Any CPU
		{523B3122-B753-4E24-9152-BE84454E23C8}.Release|Any CPU.Build.0 = Release|Any CPU
		{EAF38166-6EE9-426A-BC28-ABCC5A29A7F4}.Debug|Any CPU.ActiveCfg = Debug|Any CPU
		{EAF38166-6EE9-426A-BC28-ABCC5A29A7F4}.Debug|Any CPU.Build.0 = Debug|Any CPU
		{EAF38166-6EE9-426A-BC28-ABCC5A29A7F4}.Release|Any CPU.ActiveCfg = Release|Any CPU
		{EAF38166-6EE9-426A-BC28-ABCC5A29A7F4}.Release|Any CPU.Build.0 = Release|Any CPU
	EndGlobalSection
	GlobalSection(SolutionProperties) = preSolution
		HideSolutionNode = FALSE
	EndGlobalSection
	GlobalSection(NestedProjects) = preSolution
		{025FDE36-7F82-4211-A155-118D66C7157B} = {338D3D45-3209-4314-AF98-D78769EE4D52}
		{523B3122-B753-4E24-9152-BE84454E23C8} = {025FDE36-7F82-4211-A155-118D66C7157B}
		{1AEF453E-CF91-465C-AB11-ED240B8C8C3E} = {338D3D45-3209-4314-AF98-D78769EE4D52}
		{EAF38166-6EE9-426A-BC28-ABCC5A29A7F4} = {1AEF453E-CF91-465C-AB11-ED240B8C8C3E}
	EndGlobalSection
	GlobalSection(ExtensibilityGlobals) = postSolution
		SolutionGuid = {84B32799-D6D2-4AA9-B2CC-00542E470EC4}
	EndGlobalSection
EndGlobal
