
Microsoft Visual Studio Solution File, Format Version 12.00
# Visual Studio Version 17
VisualStudioVersion = 17.9.34728.123
MinimumVisualStudioVersion = 10.0.40219.1
Project("{2150E333-8FDC-42A3-9474-1A3956D46DE8}") = "Services", "Services", "{338D3D45-3209-4314-AF98-D78769EE4D52}"
EndProject
Project("{2150E333-8FDC-42A3-9474-1A3956D46DE8}") = "Catalog", "Catalog", "{025FDE36-7F82-4211-A155-118D66C7157B}"
EndProject
Project("{9A19103F-16F7-4668-BE54-9A1E7A4F7556}") = "MultiShop.Catalog", "Services\Catalog\MultiShop.Catalog\MultiShop.Catalog.csproj", "{523B3122-B753-4E24-9152-BE84454E23C8}"
EndProject
Project("{2150E333-8FDC-42A3-9474-1A3956D46DE8}") = "Discount", "Discount", "{1AEF453E-CF91-465C-AB11-ED240B8C8C3E}"
EndProject
Project("{9A19103F-16F7-4668-BE54-9A1E7A4F7556}") = "MultiShop.Discount", "Services\Discount\MultiShop.Discount\MultiShop.Discount.csproj", "{EAF38166-6EE9-426A-BC28-ABCC5A29A7F4}"
EndProject
Project("{2150E333-8FDC-42A3-9474-1A3956D46DE8}") = "Order", "Order", "{DBC5C009-0968-4212-8D9E-34533188AC75}"
EndProject
Project("{2150E333-8FDC-42A3-9474-1A3956D46DE8}") = "Core", "Core", "{EF066F74-10D6-4B17-86B5-0CE49E26548F}"
EndProject
Project("{2150E333-8FDC-42A3-9474-1A3956D46DE8}") = "Infrastructure", "Infrastructure", "{42846E36-1E00-4714-9CFD-17DB9D0CC75D}"
EndProject
Project("{2150E333-8FDC-42A3-9474-1A3956D46DE8}") = "Presentation", "Presentation", "{76F912C7-5BE3-480C-9DF1-16168A31F6B6}"
EndProject
Project("{9A19103F-16F7-4668-BE54-9A1E7A4F7556}") = "MultiShop.Order.Domain", "Services\Order\Core\MultiShop.Order.Domain\MultiShop.Order.Domain.csproj", "{FC9A9316-0454-4817-8C81-9C9EC87E55AA}"
EndProject
Project("{9A19103F-16F7-4668-BE54-9A1E7A4F7556}") = "MultiShop.Order.Application", "Services\Order\Core\MultiShop.Order.Application\MultiShop.Order.Application.csproj", "{523A4A91-F91E-4880-82AA-8E410703C985}"
EndProject
Project("{9A19103F-16F7-4668-BE54-9A1E7A4F7556}") = "MultiShop.Order.Persistance", "Services\Order\Infrastructure\MultiShop.Order.Persistance\MultiShop.Order.Persistance.csproj", "{4DB2A046-BE76-4362-9562-95B40E527138}"
EndProject
Project("{9A19103F-16F7-4668-BE54-9A1E7A4F7556}") = "MultiShop.Order.WebApi", "Services\Order\Presentation\MultiShop.Order.WebApi\MultiShop.Order.WebApi.csproj", "{E7736DA8-286C-4EF5-B198-7C385D4CD2E7}"
EndProject
Project("{2150E333-8FDC-42A3-9474-1A3956D46DE8}") = "Requirement", "Requirement", "{AF5C0844-1C7B-43ED-B598-B038B941B066}"
	ProjectSection(SolutionItems) = preProject
		PortNumber.txt = PortNumber.txt
	EndProjectSection
EndProject
Project("{9A19103F-16F7-4668-BE54-9A1E7A4F7556}") = "MultiShop.IdentityServer", "IdentityServer\MultiShop.IdentityServer\MultiShop.IdentityServer.csproj", "{AC6FF0BC-503C-46E6-AE28-607E8EA067C1}"
EndProject
Project("{2150E333-8FDC-42A3-9474-1A3956D46DE8}") = "IdentityServer", "IdentityServer", "{0CD86F9A-4D0D-4CB7-995C-4600D2EE10C2}"
EndProject
Project("{2150E333-8FDC-42A3-9474-1A3956D46DE8}") = "Cargo", "Cargo", "{F4ADC349-DC1B-455B-B653-F5344664B8D3}"
	ProjectSection(SolutionItems) = preProject
		Repository Design Pattern.txt = Repository Design Pattern.txt
	EndProjectSection
EndProject
Project("{9A19103F-16F7-4668-BE54-9A1E7A4F7556}") = "MultiShop.Cargo.EntityLayer", "Services\Cargo\Multi.Shop.Cargo.EntityLayer\MultiShop.Cargo.EntityLayer.csproj", "{03CE2166-72C6-469B-B6AF-0EC0E2FC86EC}"
EndProject
Project("{9A19103F-16F7-4668-BE54-9A1E7A4F7556}") = "MultiShop.Cargo.BusinessLayer", "Services\Cargo\MultiShop.Cargo.BusinessLayer\MultiShop.Cargo.BusinessLayer.csproj", "{8CC7C9DA-673E-4B7B-82E2-49301CDCE659}"
EndProject
Project("{9A19103F-16F7-4668-BE54-9A1E7A4F7556}") = "MultiShop.Cargo.DataAccesLayer", "Services\Cargo\MultiShop.Cargo.DataAccesLayer\MultiShop.Cargo.DataAccesLayer.csproj", "{0A55A525-707F-4498-9125-7D23CBCFEA22}"
EndProject
Project("{9A19103F-16F7-4668-BE54-9A1E7A4F7556}") = "MultiShop.Cargo.DtoLayer", "Services\Cargo\MultiShop.Cargo.DtoLayer\MultiShop.Cargo.DtoLayer.csproj", "{CD406299-F677-42A1-A401-697DC4CAAAEF}"
EndProject
Project("{9A19103F-16F7-4668-BE54-9A1E7A4F7556}") = "MultiShop.Cargo.WebApi", "Services\Cargo\MultiShop.Cargo.WebApi\MultiShop.Cargo.WebApi.csproj", "{4C67D89C-4DB5-4971-95A8-11E39E1ED9DF}"
EndProject
Project("{2150E333-8FDC-42A3-9474-1A3956D46DE8}") = "Basket", "Basket", "{C9E93D8D-011B-4E1F-A4BB-67D68DA69CEF}"
EndProject
Project("{9A19103F-16F7-4668-BE54-9A1E7A4F7556}") = "MultiShop.Basket", "Services\Basket\MultiShop.Basket\MultiShop.Basket.csproj", "{0F846196-EF80-4456-8F58-7715634A22A8}"
EndProject
Project("{2150E333-8FDC-42A3-9474-1A3956D46DE8}") = "Frontends", "Frontends", "{F6116F96-6844-46D5-8DEC-E7F9BFB6255C}"
EndProject
Project("{FAE04EC0-301F-11D3-BF4B-00C04F79EFBC}") = "MultiShop.WebUI", "Frontends\MultiShop.WebUI\MultiShop.WebUI.csproj", "{79AD55B2-EB5E-4C01-92B1-217A4A68E2D0}"
EndProject
Global
	GlobalSection(SolutionConfigurationPlatforms) = preSolution
		Debug|Any CPU = Debug|Any CPU
		Release|Any CPU = Release|Any CPU
	EndGlobalSection
	GlobalSection(ProjectConfigurationPlatforms) = postSolution
		{523B3122-B753-4E24-9152-BE84454E23C8}.Debug|Any CPU.ActiveCfg = Debug|Any CPU
		{523B3122-B753-4E24-9152-BE84454E23C8}.Debug|Any CPU.Build.0 = Debug|Any CPU
		{523B3122-B753-4E24-9152-BE84454E23C8}.Release|Any CPU.ActiveCfg = Release|Any CPU
		{523B3122-B753-4E24-9152-BE84454E23C8}.Release|Any CPU.Build.0 = Release|Any CPU
		{EAF38166-6EE9-426A-BC28-ABCC5A29A7F4}.Debug|Any CPU.ActiveCfg = Debug|Any CPU
		{EAF38166-6EE9-426A-BC28-ABCC5A29A7F4}.Debug|Any CPU.Build.0 = Debug|Any CPU
		{EAF38166-6EE9-426A-BC28-ABCC5A29A7F4}.Release|Any CPU.ActiveCfg = Release|Any CPU
		{EAF38166-6EE9-426A-BC28-ABCC5A29A7F4}.Release|Any CPU.Build.0 = Release|Any CPU
		{FC9A9316-0454-4817-8C81-9C9EC87E55AA}.Debug|Any CPU.ActiveCfg = Debug|Any CPU
		{FC9A9316-0454-4817-8C81-9C9EC87E55AA}.Debug|Any CPU.Build.0 = Debug|Any CPU
		{FC9A9316-0454-4817-8C81-9C9EC87E55AA}.Release|Any CPU.ActiveCfg = Release|Any CPU
		{FC9A9316-0454-4817-8C81-9C9EC87E55AA}.Release|Any CPU.Build.0 = Release|Any CPU
		{523A4A91-F91E-4880-82AA-8E410703C985}.Debug|Any CPU.ActiveCfg = Debug|Any CPU
		{523A4A91-F91E-4880-82AA-8E410703C985}.Debug|Any CPU.Build.0 = Debug|Any CPU
		{523A4A91-F91E-4880-82AA-8E410703C985}.Release|Any CPU.ActiveCfg = Release|Any CPU
		{523A4A91-F91E-4880-82AA-8E410703C985}.Release|Any CPU.Build.0 = Release|Any CPU
		{4DB2A046-BE76-4362-9562-95B40E527138}.Debug|Any CPU.ActiveCfg = Debug|Any CPU
		{4DB2A046-BE76-4362-9562-95B40E527138}.Debug|Any CPU.Build.0 = Debug|Any CPU
		{4DB2A046-BE76-4362-9562-95B40E527138}.Release|Any CPU.ActiveCfg = Release|Any CPU
		{4DB2A046-BE76-4362-9562-95B40E527138}.Release|Any CPU.Build.0 = Release|Any CPU
		{E7736DA8-286C-4EF5-B198-7C385D4CD2E7}.Debug|Any CPU.ActiveCfg = Debug|Any CPU
		{E7736DA8-286C-4EF5-B198-7C385D4CD2E7}.Debug|Any CPU.Build.0 = Debug|Any CPU
		{E7736DA8-286C-4EF5-B198-7C385D4CD2E7}.Release|Any CPU.ActiveCfg = Release|Any CPU
		{E7736DA8-286C-4EF5-B198-7C385D4CD2E7}.Release|Any CPU.Build.0 = Release|Any CPU
		{AC6FF0BC-503C-46E6-AE28-607E8EA067C1}.Debug|Any CPU.ActiveCfg = Debug|Any CPU
		{AC6FF0BC-503C-46E6-AE28-607E8EA067C1}.Debug|Any CPU.Build.0 = Debug|Any CPU
		{AC6FF0BC-503C-46E6-AE28-607E8EA067C1}.Release|Any CPU.ActiveCfg = Release|Any CPU
		{AC6FF0BC-503C-46E6-AE28-607E8EA067C1}.Release|Any CPU.Build.0 = Release|Any CPU
		{03CE2166-72C6-469B-B6AF-0EC0E2FC86EC}.Debug|Any CPU.ActiveCfg = Debug|Any CPU
		{03CE2166-72C6-469B-B6AF-0EC0E2FC86EC}.Debug|Any CPU.Build.0 = Debug|Any CPU
		{03CE2166-72C6-469B-B6AF-0EC0E2FC86EC}.Release|Any CPU.ActiveCfg = Release|Any CPU
		{03CE2166-72C6-469B-B6AF-0EC0E2FC86EC}.Release|Any CPU.Build.0 = Release|Any CPU
		{8CC7C9DA-673E-4B7B-82E2-49301CDCE659}.Debug|Any CPU.ActiveCfg = Debug|Any CPU
		{8CC7C9DA-673E-4B7B-82E2-49301CDCE659}.Debug|Any CPU.Build.0 = Debug|Any CPU
		{8CC7C9DA-673E-4B7B-82E2-49301CDCE659}.Release|Any CPU.ActiveCfg = Release|Any CPU
		{8CC7C9DA-673E-4B7B-82E2-49301CDCE659}.Release|Any CPU.Build.0 = Release|Any CPU
		{0A55A525-707F-4498-9125-7D23CBCFEA22}.Debug|Any CPU.ActiveCfg = Debug|Any CPU
		{0A55A525-707F-4498-9125-7D23CBCFEA22}.Debug|Any CPU.Build.0 = Debug|Any CPU
		{0A55A525-707F-4498-9125-7D23CBCFEA22}.Release|Any CPU.ActiveCfg = Release|Any CPU
		{0A55A525-707F-4498-9125-7D23CBCFEA22}.Release|Any CPU.Build.0 = Release|Any CPU
		{CD406299-F677-42A1-A401-697DC4CAAAEF}.Debug|Any CPU.ActiveCfg = Debug|Any CPU
		{CD406299-F677-42A1-A401-697DC4CAAAEF}.Debug|Any CPU.Build.0 = Debug|Any CPU
		{CD406299-F677-42A1-A401-697DC4CAAAEF}.Release|Any CPU.ActiveCfg = Release|Any CPU
		{CD406299-F677-42A1-A401-697DC4CAAAEF}.Release|Any CPU.Build.0 = Release|Any CPU
		{4C67D89C-4DB5-4971-95A8-11E39E1ED9DF}.Debug|Any CPU.ActiveCfg = Debug|Any CPU
		{4C67D89C-4DB5-4971-95A8-11E39E1ED9DF}.Debug|Any CPU.Build.0 = Debug|Any CPU
		{4C67D89C-4DB5-4971-95A8-11E39E1ED9DF}.Release|Any CPU.ActiveCfg = Release|Any CPU
		{4C67D89C-4DB5-4971-95A8-11E39E1ED9DF}.Release|Any CPU.Build.0 = Release|Any CPU
		{0F846196-EF80-4456-8F58-7715634A22A8}.Debug|Any CPU.ActiveCfg = Debug|Any CPU
		{0F846196-EF80-4456-8F58-7715634A22A8}.Debug|Any CPU.Build.0 = Debug|Any CPU
		{0F846196-EF80-4456-8F58-7715634A22A8}.Release|Any CPU.ActiveCfg = Release|Any CPU
		{0F846196-EF80-4456-8F58-7715634A22A8}.Release|Any CPU.Build.0 = Release|Any CPU
		{79AD55B2-EB5E-4C01-92B1-217A4A68E2D0}.Debug|Any CPU.ActiveCfg = Debug|Any CPU
		{79AD55B2-EB5E-4C01-92B1-217A4A68E2D0}.Debug|Any CPU.Build.0 = Debug|Any CPU
		{79AD55B2-EB5E-4C01-92B1-217A4A68E2D0}.Release|Any CPU.ActiveCfg = Release|Any CPU
		{79AD55B2-EB5E-4C01-92B1-217A4A68E2D0}.Release|Any CPU.Build.0 = Release|Any CPU
	EndGlobalSection
	GlobalSection(SolutionProperties) = preSolution
		HideSolutionNode = FALSE
	EndGlobalSection
	GlobalSection(NestedProjects) = preSolution
		{025FDE36-7F82-4211-A155-118D66C7157B} = {338D3D45-3209-4314-AF98-D78769EE4D52}
		{523B3122-B753-4E24-9152-BE84454E23C8} = {025FDE36-7F82-4211-A155-118D66C7157B}
		{1AEF453E-CF91-465C-AB11-ED240B8C8C3E} = {338D3D45-3209-4314-AF98-D78769EE4D52}
		{EAF38166-6EE9-426A-BC28-ABCC5A29A7F4} = {1AEF453E-CF91-465C-AB11-ED240B8C8C3E}
		{DBC5C009-0968-4212-8D9E-34533188AC75} = {338D3D45-3209-4314-AF98-D78769EE4D52}
		{EF066F74-10D6-4B17-86B5-0CE49E26548F} = {DBC5C009-0968-4212-8D9E-34533188AC75}
		{42846E36-1E00-4714-9CFD-17DB9D0CC75D} = {DBC5C009-0968-4212-8D9E-34533188AC75}
		{76F912C7-5BE3-480C-9DF1-16168A31F6B6} = {DBC5C009-0968-4212-8D9E-34533188AC75}
		{FC9A9316-0454-4817-8C81-9C9EC87E55AA} = {EF066F74-10D6-4B17-86B5-0CE49E26548F}
		{523A4A91-F91E-4880-82AA-8E410703C985} = {EF066F74-10D6-4B17-86B5-0CE49E26548F}
		{4DB2A046-BE76-4362-9562-95B40E527138} = {42846E36-1E00-4714-9CFD-17DB9D0CC75D}
		{E7736DA8-286C-4EF5-B198-7C385D4CD2E7} = {76F912C7-5BE3-480C-9DF1-16168A31F6B6}
		{AC6FF0BC-503C-46E6-AE28-607E8EA067C1} = {0CD86F9A-4D0D-4CB7-995C-4600D2EE10C2}
		{F4ADC349-DC1B-455B-B653-F5344664B8D3} = {338D3D45-3209-4314-AF98-D78769EE4D52}
		{03CE2166-72C6-469B-B6AF-0EC0E2FC86EC} = {F4ADC349-DC1B-455B-B653-F5344664B8D3}
		{8CC7C9DA-673E-4B7B-82E2-49301CDCE659} = {F4ADC349-DC1B-455B-B653-F5344664B8D3}
		{0A55A525-707F-4498-9125-7D23CBCFEA22} = {F4ADC349-DC1B-455B-B653-F5344664B8D3}
		{CD406299-F677-42A1-A401-697DC4CAAAEF} = {F4ADC349-DC1B-455B-B653-F5344664B8D3}
		{4C67D89C-4DB5-4971-95A8-11E39E1ED9DF} = {F4ADC349-DC1B-455B-B653-F5344664B8D3}
		{C9E93D8D-011B-4E1F-A4BB-67D68DA69CEF} = {338D3D45-3209-4314-AF98-D78769EE4D52}
		{0F846196-EF80-4456-8F58-7715634A22A8} = {C9E93D8D-011B-4E1F-A4BB-67D68DA69CEF}
		{79AD55B2-EB5E-4C01-92B1-217A4A68E2D0} = {F6116F96-6844-46D5-8DEC-E7F9BFB6255C}
	EndGlobalSection
	GlobalSection(ExtensibilityGlobals) = postSolution
		SolutionGuid = {84B32799-D6D2-4AA9-B2CC-00542E470EC4}
	EndGlobalSection
EndGlobal
